
Microsoft Visual Studio Solution File, Format Version 12.00
# Visual Studio Version 17
VisualStudioVersion = 17.0.31903.59
MinimumVisualStudioVersion = 10.0.40219.1
Project("{2150E333-8FDC-42A3-9474-1A3956D46DE8}") = "src", "src", "{B341223B-A0BF-47E9-B0CB-2B2286164AA8}"
EndProject
Project("{FAE04EC0-301F-11D3-BF4B-00C04F79EFBC}") = "MedicalVisits.API", "src\MedicalVisits.API\MedicalVisits.API.csproj", "{981F8CBD-74C9-45CA-8FB9-9B1E51880660}"
EndProject
Project("{FAE04EC0-301F-11D3-BF4B-00C04F79EFBC}") = "MedicalVisits.Models", "src\MedicalVisits.Models\MedicalVisits.Models.csproj", "{5E5B980A-AAE4-42EA-AA96-A323716073A2}"
EndProject
Project("{FAE04EC0-301F-11D3-BF4B-00C04F79EFBC}") = "MedicalVisits.Infrastructure", "src\MedicalVisits.Infrastructure\MedicalVisits.Infrastructure.csproj", "{49F005D9-47F3-4108-9933-901DFD244D46}"
EndProject
Project("{FAE04EC0-301F-11D3-BF4B-00C04F79EFBC}") = "MedicalVisits.Application", "src\MedicalVisits.Application\MedicalVisits.Application.csproj", "{4870522D-EA62-47B3-8B02-786D218C3E3A}"
EndProject
Project("{2150E333-8FDC-42A3-9474-1A3956D46DE8}") = "test", "test", "{3E358E89-8B72-45F5-8EDA-4CA046AE7A94}"
EndProject
Global
	GlobalSection(SolutionConfigurationPlatforms) = preSolution
		Debug|Any CPU = Debug|Any CPU
		Release|Any CPU = Release|Any CPU
	EndGlobalSection
	GlobalSection(SolutionProperties) = preSolution
		HideSolutionNode = FALSE
	EndGlobalSection
	GlobalSection(ProjectConfigurationPlatforms) = postSolution
		{981F8CBD-74C9-45CA-8FB9-9B1E51880660}.Debug|Any CPU.ActiveCfg = Debug|Any CPU
		{981F8CBD-74C9-45CA-8FB9-9B1E51880660}.Debug|Any CPU.Build.0 = Debug|Any CPU
		{981F8CBD-74C9-45CA-8FB9-9B1E51880660}.Release|Any CPU.ActiveCfg = Release|Any CPU
		{981F8CBD-74C9-45CA-8FB9-9B1E51880660}.Release|Any CPU.Build.0 = Release|Any CPU
		{5E5B980A-AAE4-42EA-AA96-A323716073A2}.Debug|Any CPU.ActiveCfg = Debug|Any CPU
		{5E5B980A-AAE4-42EA-AA96-A323716073A2}.Debug|Any CPU.Build.0 = Debug|Any CPU
		{5E5B980A-AAE4-42EA-AA96-A323716073A2}.Release|Any CPU.ActiveCfg = Release|Any CPU
		{5E5B980A-AAE4-42EA-AA96-A323716073A2}.Release|Any CPU.Build.0 = Release|Any CPU
		{49F005D9-47F3-4108-9933-901DFD244D46}.Debug|Any CPU.ActiveCfg = Debug|Any CPU
		{49F005D9-47F3-4108-9933-901DFD244D46}.Debug|Any CPU.Build.0 = Debug|Any CPU
		{49F005D9-47F3-4108-9933-901DFD244D46}.Release|Any CPU.ActiveCfg = Release|Any CPU
		{49F005D9-47F3-4108-9933-901DFD244D46}.Release|Any CPU.Build.0 = Release|Any CPU
		{4870522D-EA62-47B3-8B02-786D218C3E3A}.Debug|Any CPU.ActiveCfg = Debug|Any CPU
		{4870522D-EA62-47B3-8B02-786D218C3E3A}.Debug|Any CPU.Build.0 = Debug|Any CPU
		{4870522D-EA62-47B3-8B02-786D218C3E3A}.Release|Any CPU.ActiveCfg = Release|Any CPU
		{4870522D-EA62-47B3-8B02-786D218C3E3A}.Release|Any CPU.Build.0 = Release|Any CPU
	EndGlobalSection
	GlobalSection(NestedProjects) = preSolution
		{981F8CBD-74C9-45CA-8FB9-9B1E51880660} = {B341223B-A0BF-47E9-B0CB-2B2286164AA8}
		{5E5B980A-AAE4-42EA-AA96-A323716073A2} = {B341223B-A0BF-47E9-B0CB-2B2286164AA8}
		{49F005D9-47F3-4108-9933-901DFD244D46} = {B341223B-A0BF-47E9-B0CB-2B2286164AA8}
		{4870522D-EA62-47B3-8B02-786D218C3E3A} = {B341223B-A0BF-47E9-B0CB-2B2286164AA8}
	EndGlobalSection
EndGlobal
